{
  "originHash" : "79dce5428caa1405ac606b31abf83743efd0ac04437577c389c94171977200ce",
  "pins" : [
    {
      "identity" : "ios-places-sdk",
      "kind" : "remoteSourceControl",
      "location" : "https://github.com/googlemaps/ios-places-sdk",
      "state" : {
        "revision" : "3b1b42f441ce4587472972fcd74f509a242a0fb7",
        "version" : "10.0.0"
      }
    }
  ],
  "version" : 3
}
